
Microsoft Visual Studio Solution File, Format Version 12.00
# Visual Studio Version 17
VisualStudioVersion = 17.11.35312.102
MinimumVisualStudioVersion = 10.0.40219.1
Project("{8BC9CEB8-8B4A-11D0-8D11-00A0C91BC942}") = "合并两个有序数组", "合并两个有序数组\合并两个有序数组.vcxproj", "{0B1E21DE-EB98-40A5-B69E-CE3CAEEBC065}"
EndProject
Global
	GlobalSection(SolutionConfigurationPlatforms) = preSolution
		Debug|x64 = Debug|x64
		Debug|x86 = Debug|x86
		Release|x64 = Release|x64
		Release|x86 = Release|x86
	EndGlobalSection
	GlobalSection(ProjectConfigurationPlatforms) = postSolution
		{0B1E21DE-EB98-40A5-B69E-CE3CAEEBC065}.Debug|x64.ActiveCfg = Debug|x64
		{0B1E21DE-EB98-40A5-B69E-CE3CAEEBC065}.Debug|x64.Build.0 = Debug|x64
		{0B1E21DE-EB98-40A5-B69E-CE3CAEEBC065}.Debug|x86.ActiveCfg = Debug|Win32
		{0B1E21DE-EB98-40A5-B69E-CE3CAEEBC065}.Debug|x86.Build.0 = Debug|Win32
		{0B1E21DE-EB98-40A5-B69E-CE3CAEEBC065}.Release|x64.ActiveCfg = Release|x64
		{0B1E21DE-EB98-40A5-B69E-CE3CAEEBC065}.Release|x64.Build.0 = Release|x64
		{0B1E21DE-EB98-40A5-B69E-CE3CAEEBC065}.Release|x86.ActiveCfg = Release|Win32
		{0B1E21DE-EB98-40A5-B69E-CE3CAEEBC065}.Release|x86.Build.0 = Release|Win32
	EndGlobalSection
	GlobalSection(SolutionProperties) = preSolution
		HideSolutionNode = FALSE
	EndGlobalSection
	GlobalSection(ExtensibilityGlobals) = postSolution
		SolutionGuid = {48F43D30-590E-44AC-99CD-8B35F26750BF}
	EndGlobalSection
EndGlobal
