
Microsoft Visual Studio Solution File, Format Version 12.00
# Visual Studio Version 17
VisualStudioVersion = 17.11.35312.102
MinimumVisualStudioVersion = 10.0.40219.1
Project("{8BC9CEB8-8B4A-11D0-8D11-00A0C91BC942}") = "链表的中间节点", "链表的中间节点\链表的中间节点.vcxproj", "{1572B400-16F1-44B1-AB4B-09032A4E37CD}"
EndProject
Global
	GlobalSection(SolutionConfigurationPlatforms) = preSolution
		Debug|x64 = Debug|x64
		Debug|x86 = Debug|x86
		Release|x64 = Release|x64
		Release|x86 = Release|x86
	EndGlobalSection
	GlobalSection(ProjectConfigurationPlatforms) = postSolution
		{1572B400-16F1-44B1-AB4B-09032A4E37CD}.Debug|x64.ActiveCfg = Debug|x64
		{1572B400-16F1-44B1-AB4B-09032A4E37CD}.Debug|x64.Build.0 = Debug|x64
		{1572B400-16F1-44B1-AB4B-09032A4E37CD}.Debug|x86.ActiveCfg = Debug|Win32
		{1572B400-16F1-44B1-AB4B-09032A4E37CD}.Debug|x86.Build.0 = Debug|Win32
		{1572B400-16F1-44B1-AB4B-09032A4E37CD}.Release|x64.ActiveCfg = Release|x64
		{1572B400-16F1-44B1-AB4B-09032A4E37CD}.Release|x64.Build.0 = Release|x64
		{1572B400-16F1-44B1-AB4B-09032A4E37CD}.Release|x86.ActiveCfg = Release|Win32
		{1572B400-16F1-44B1-AB4B-09032A4E37CD}.Release|x86.Build.0 = Release|Win32
	EndGlobalSection
	GlobalSection(SolutionProperties) = preSolution
		HideSolutionNode = FALSE
	EndGlobalSection
	GlobalSection(ExtensibilityGlobals) = postSolution
		SolutionGuid = {10CF97BC-6743-4C29-B0AC-3E609D99F7A6}
	EndGlobalSection
EndGlobal
